
Microsoft Visual Studio Solution File, Format Version 12.00
# Visual Studio 15
VisualStudioVersion = 15.0.28010.2041
MinimumVisualStudioVersion = 10.0.40219.1
Project("{FAE04EC0-301F-11D3-BF4B-00C04F79EFBC}") = "Dog Management", "Dog Management\Dog Management.csproj", "{83D1FE9C-50D0-44C2-8D40-9BD535A3F468}"
EndProject
Project("{FAE04EC0-301F-11D3-BF4B-00C04F79EFBC}") = "DarkSide", "DarkSide\DarkSide.csproj", "{0627A9B5-91B2-4965-A6EE-5E781135D7E8}"
EndProject
Global
	GlobalSection(SolutionConfigurationPlatforms) = preSolution
		Debug|Any CPU = Debug|Any CPU
		Release|Any CPU = Release|Any CPU
	EndGlobalSection
	GlobalSection(ProjectConfigurationPlatforms) = postSolution
		{83D1FE9C-50D0-44C2-8D40-9BD535A3F468}.Debug|Any CPU.ActiveCfg = Debug|Any CPU
		{83D1FE9C-50D0-44C2-8D40-9BD535A3F468}.Debug|Any CPU.Build.0 = Debug|Any CPU
		{83D1FE9C-50D0-44C2-8D40-9BD535A3F468}.Release|Any CPU.ActiveCfg = Release|Any CPU
		{83D1FE9C-50D0-44C2-8D40-9BD535A3F468}.Release|Any CPU.Build.0 = Release|Any CPU
		{0627A9B5-91B2-4965-A6EE-5E781135D7E8}.Debug|Any CPU.ActiveCfg = Debug|Any CPU
		{0627A9B5-91B2-4965-A6EE-5E781135D7E8}.Debug|Any CPU.Build.0 = Debug|Any CPU
		{0627A9B5-91B2-4965-A6EE-5E781135D7E8}.Release|Any CPU.ActiveCfg = Release|Any CPU
		{0627A9B5-91B2-4965-A6EE-5E781135D7E8}.Release|Any CPU.Build.0 = Release|Any CPU
	EndGlobalSection
	GlobalSection(SolutionProperties) = preSolution
		HideSolutionNode = FALSE
	EndGlobalSection
	GlobalSection(ExtensibilityGlobals) = postSolution
		SolutionGuid = {E3A79DEC-D126-4ADF-BD33-1D52B7F8B021}
	EndGlobalSection
EndGlobal
